
Microsoft Visual Studio Solution File, Format Version 12.00
# Visual Studio Version 16
VisualStudioVersion = 16.0.31729.503
MinimumVisualStudioVersion = 10.0.40219.1
Project("{FAE04EC0-301F-11D3-BF4B-00C04F79EFBC}") = "87-MostrarMayorYMenorDeUnArray", "87-MostrarMayorYMenorDeUnArray.csproj", "{3606EE52-E818-4263-BC73-F8C5A52737C2}"
EndProject
Global
	GlobalSection(SolutionConfigurationPlatforms) = preSolution
		Debug|Any CPU = Debug|Any CPU
		Release|Any CPU = Release|Any CPU
	EndGlobalSection
	GlobalSection(ProjectConfigurationPlatforms) = postSolution
		{3606EE52-E818-4263-BC73-F8C5A52737C2}.Debug|Any CPU.ActiveCfg = Debug|Any CPU
		{3606EE52-E818-4263-BC73-F8C5A52737C2}.Debug|Any CPU.Build.0 = Debug|Any CPU
		{3606EE52-E818-4263-BC73-F8C5A52737C2}.Release|Any CPU.ActiveCfg = Release|Any CPU
		{3606EE52-E818-4263-BC73-F8C5A52737C2}.Release|Any CPU.Build.0 = Release|Any CPU
	EndGlobalSection
	GlobalSection(SolutionProperties) = preSolution
		HideSolutionNode = FALSE
	EndGlobalSection
	GlobalSection(ExtensibilityGlobals) = postSolution
		SolutionGuid = {5AE4C46D-2DC3-421D-AE2D-C095BC3FCC19}
	EndGlobalSection
EndGlobal
